
Microsoft Visual Studio Solution File, Format Version 12.00
# Visual Studio Version 16
VisualStudioVersion = 16.0.29505.145
MinimumVisualStudioVersion = 10.0.40219.1
Project("{FAE04EC0-301F-11D3-BF4B-00C04F79EFBC}") = "SpecflowExploration", "SpecflowExploration\SpecflowExploration.csproj", "{48A95945-6A80-4982-8D28-049AC4A68B36}"
EndProject
Project("{FAE04EC0-301F-11D3-BF4B-00C04F79EFBC}") = "SpecflowExploration.Specs", "SpecflowExploration.Specs\SpecflowExploration.Specs.csproj", "{08CF8138-CCA2-4484-BFFA-7587EF37F1AD}"
EndProject
Global
	GlobalSection(SolutionConfigurationPlatforms) = preSolution
		Debug|Any CPU = Debug|Any CPU
		Release|Any CPU = Release|Any CPU
	EndGlobalSection
	GlobalSection(ProjectConfigurationPlatforms) = postSolution
		{48A95945-6A80-4982-8D28-049AC4A68B36}.Debug|Any CPU.ActiveCfg = Debug|Any CPU
		{48A95945-6A80-4982-8D28-049AC4A68B36}.Debug|Any CPU.Build.0 = Debug|Any CPU
		{48A95945-6A80-4982-8D28-049AC4A68B36}.Release|Any CPU.ActiveCfg = Release|Any CPU
		{48A95945-6A80-4982-8D28-049AC4A68B36}.Release|Any CPU.Build.0 = Release|Any CPU
		{08CF8138-CCA2-4484-BFFA-7587EF37F1AD}.Debug|Any CPU.ActiveCfg = Debug|Any CPU
		{08CF8138-CCA2-4484-BFFA-7587EF37F1AD}.Debug|Any CPU.Build.0 = Debug|Any CPU
		{08CF8138-CCA2-4484-BFFA-7587EF37F1AD}.Release|Any CPU.ActiveCfg = Release|Any CPU
		{08CF8138-CCA2-4484-BFFA-7587EF37F1AD}.Release|Any CPU.Build.0 = Release|Any CPU
	EndGlobalSection
	GlobalSection(SolutionProperties) = preSolution
		HideSolutionNode = FALSE
	EndGlobalSection
	GlobalSection(ExtensibilityGlobals) = postSolution
		SolutionGuid = {8C263751-CD49-4686-8ED1-A6DC3CEAD2E0}
	EndGlobalSection
EndGlobal
